
Microsoft Visual Studio Solution File, Format Version 12.00
# Visual Studio 15
Project("{FAE04EC0-301F-11D3-BF4B-00C04F79EFBC}") = "Assembly-CSharp", "Assembly-CSharp.csproj", "{45A6AFB7-DF90-E2F6-74D4-0251DB6B15B2}"
EndProject
Project("{FAE04EC0-301F-11D3-BF4B-00C04F79EFBC}") = "Assembly-CSharp-firstpass", "Assembly-CSharp-firstpass.csproj", "{9635081C-EA6D-EA02-AF57-99D900386429}"
EndProject
Project("{FAE04EC0-301F-11D3-BF4B-00C04F79EFBC}") = "Assembly-CSharp-Editor-firstpass", "Assembly-CSharp-Editor-firstpass.csproj", "{FC0AA1A2-4D39-D5FA-98B3-1A6640DFC02E}"
EndProject
Project("{FAE04EC0-301F-11D3-BF4B-00C04F79EFBC}") = "Assembly-CSharp-Editor", "Assembly-CSharp-Editor.csproj", "{94FB3741-FA1C-67F7-E9E8-5D112B899566}"
EndProject
Global
	GlobalSection(SolutionConfigurationPlatforms) = preSolution
		Debug|Any CPU = Debug|Any CPU
		Release|Any CPU = Release|Any CPU
	EndGlobalSection
	GlobalSection(ProjectConfigurationPlatforms) = postSolution
		{45A6AFB7-DF90-E2F6-74D4-0251DB6B15B2}.Debug|Any CPU.ActiveCfg = Debug|Any CPU
		{45A6AFB7-DF90-E2F6-74D4-0251DB6B15B2}.Debug|Any CPU.Build.0 = Debug|Any CPU
		{45A6AFB7-DF90-E2F6-74D4-0251DB6B15B2}.Release|Any CPU.ActiveCfg = Release|Any CPU
		{45A6AFB7-DF90-E2F6-74D4-0251DB6B15B2}.Release|Any CPU.Build.0 = Release|Any CPU
		{9635081C-EA6D-EA02-AF57-99D900386429}.Debug|Any CPU.ActiveCfg = Debug|Any CPU
		{9635081C-EA6D-EA02-AF57-99D900386429}.Debug|Any CPU.Build.0 = Debug|Any CPU
		{9635081C-EA6D-EA02-AF57-99D900386429}.Release|Any CPU.ActiveCfg = Release|Any CPU
		{9635081C-EA6D-EA02-AF57-99D900386429}.Release|Any CPU.Build.0 = Release|Any CPU
		{FC0AA1A2-4D39-D5FA-98B3-1A6640DFC02E}.Debug|Any CPU.ActiveCfg = Debug|Any CPU
		{FC0AA1A2-4D39-D5FA-98B3-1A6640DFC02E}.Debug|Any CPU.Build.0 = Debug|Any CPU
		{FC0AA1A2-4D39-D5FA-98B3-1A6640DFC02E}.Release|Any CPU.ActiveCfg = Release|Any CPU
		{FC0AA1A2-4D39-D5FA-98B3-1A6640DFC02E}.Release|Any CPU.Build.0 = Release|Any CPU
		{94FB3741-FA1C-67F7-E9E8-5D112B899566}.Debug|Any CPU.ActiveCfg = Debug|Any CPU
		{94FB3741-FA1C-67F7-E9E8-5D112B899566}.Debug|Any CPU.Build.0 = Debug|Any CPU
		{94FB3741-FA1C-67F7-E9E8-5D112B899566}.Release|Any CPU.ActiveCfg = Release|Any CPU
		{94FB3741-FA1C-67F7-E9E8-5D112B899566}.Release|Any CPU.Build.0 = Release|Any CPU
	EndGlobalSection
	GlobalSection(SolutionProperties) = preSolution
		HideSolutionNode = FALSE
	EndGlobalSection
EndGlobal
